
Microsoft Visual Studio Solution File, Format Version 11.00
# Visual Studio 2010
Project("{FAE04EC0-301F-11D3-BF4B-00C04F79EFBC}") = "NetBootstrap", "NetBootstrap\NetBootstrap.csproj", "{0577273A-4ECE-44DC-A478-1810AE5865EB}"
EndProject
Global
	GlobalSection(SolutionConfigurationPlatforms) = preSolution
		Debug|Any CPU = Debug|Any CPU
		Release|Any CPU = Release|Any CPU
	EndGlobalSection
	GlobalSection(ProjectConfigurationPlatforms) = postSolution
		{0577273A-4ECE-44DC-A478-1810AE5865EB}.Debug|Any CPU.ActiveCfg = Debug|Any CPU
		{0577273A-4ECE-44DC-A478-1810AE5865EB}.Debug|Any CPU.Build.0 = Debug|Any CPU
		{0577273A-4ECE-44DC-A478-1810AE5865EB}.Release|Any CPU.ActiveCfg = Release|Any CPU
		{0577273A-4ECE-44DC-A478-1810AE5865EB}.Release|Any CPU.Build.0 = Release|Any CPU
	EndGlobalSection
	GlobalSection(SolutionProperties) = preSolution
		HideSolutionNode = FALSE
	EndGlobalSection
EndGlobal
